
Microsoft Visual Studio Solution File, Format Version 12.00
# Visual Studio Version 17
VisualStudioVersion = 17.5.33627.172
MinimumVisualStudioVersion = 10.0.40219.1
Project("{2150E333-8FDC-42A3-9474-1A3956D46DE8}") = "Client", "Client", "{A481A230-425A-4938-9942-BD86E9383C45}"
EndProject
Project("{2150E333-8FDC-42A3-9474-1A3956D46DE8}") = "Server", "Server", "{155BD790-95C7-4037-85E1-E1A6082CB72B}"
EndProject
Project("{9A19103F-16F7-4668-BE54-9A1E7A4F7556}") = "DotPharma.MAUI", "DotPharma.MAUI\DotPharma.MAUI.csproj", "{1A63569B-CA98-41E2-B280-C1A8D12CD1C0}"
EndProject
Project("{9A19103F-16F7-4668-BE54-9A1E7A4F7556}") = "DotPharma.WPF", "DotPharma.WPF\DotPharma.WPF.csproj", "{5A1B2688-549D-49D4-AEB7-6CC82120B8BE}"
EndProject
Project("{9A19103F-16F7-4668-BE54-9A1E7A4F7556}") = "DotPharma.Presentation", "DotPharma.Presentation\DotPharma.Presentation.csproj", "{30A01ECC-6C0E-4B1C-8C9D-686D81445734}"
EndProject
Project("{9A19103F-16F7-4668-BE54-9A1E7A4F7556}") = "NavigatR.WPF", "..\NavigatR\NavigatR.WPF\NavigatR.WPF.csproj", "{B6E0CD49-3FD0-42CD-8C4E-2C716E3FC3B9}"
EndProject
Project("{9A19103F-16F7-4668-BE54-9A1E7A4F7556}") = "NavigatR", "..\NavigatR\NavigatR\NavigatR.csproj", "{650D5153-1FD8-4C92-BA25-B72D8111D399}"
EndProject
Project("{9A19103F-16F7-4668-BE54-9A1E7A4F7556}") = "NavigatR.SourceGenerator", "..\NavigatR\NavigatR.SourceGenerator\NavigatR.SourceGenerator.csproj", "{19C1024E-DC4E-4610-85B9-BF7200AD1D23}"
EndProject
Project("{9A19103F-16F7-4668-BE54-9A1E7A4F7556}") = "DotPharma.Domain", "DotPharma.Domain\DotPharma.Domain.csproj", "{E2F6FBCB-58D6-43AE-B5CE-E267D91255EC}"
EndProject
Project("{9A19103F-16F7-4668-BE54-9A1E7A4F7556}") = "DotPharma.Server", "DotPharma.Server\DotPharma.Server.csproj", "{2375077B-3BBA-4141-85B0-3272D13A6156}"
EndProject
Project("{9A19103F-16F7-4668-BE54-9A1E7A4F7556}") = "DotPharma.Inventory", "DotPharma.Inventory\DotPharma.Inventory.csproj", "{7C95E878-390D-4148-8DB2-B58A4BC28B92}"
EndProject
Project("{2150E333-8FDC-42A3-9474-1A3956D46DE8}") = "Catalog", "Catalog", "{3B43FB11-B802-41DE-8A6D-AC2C5369EFB1}"
EndProject
Project("{9A19103F-16F7-4668-BE54-9A1E7A4F7556}") = "DotPharma.Catalog", "DotPharma.Catalog\DotPharma.Catalog.csproj", "{22AA2392-9AB8-453F-99F5-467F5B954FA2}"
EndProject
Project("{2150E333-8FDC-42A3-9474-1A3956D46DE8}") = "Inventory", "Inventory", "{81F8B088-5890-4E24-BD48-2B4B098CD37A}"
EndProject
Project("{2150E333-8FDC-42A3-9474-1A3956D46DE8}") = "Sales", "Sales", "{07EF0DFF-9707-4844-8F41-330EDFA2F980}"
EndProject
Project("{9A19103F-16F7-4668-BE54-9A1E7A4F7556}") = "DotPharma.Sales", "DotPharma.Sales\DotPharma.Sales.csproj", "{ECE615D9-E88E-4A13-9124-793A70701988}"
EndProject
Project("{2150E333-8FDC-42A3-9474-1A3956D46DE8}") = "Customer", "Customer", "{34B30386-A771-48B7-A0D8-F3161AF5263E}"
EndProject
Project("{2150E333-8FDC-42A3-9474-1A3956D46DE8}") = "Tax", "Tax", "{8A7219A4-6B95-4955-AE25-7DDF17FA8B83}"
EndProject
Project("{2150E333-8FDC-42A3-9474-1A3956D46DE8}") = "Fiscal", "Fiscal", "{2383CA9F-09D8-41D4-A0F7-31613FE5D583}"
EndProject
Project("{2150E333-8FDC-42A3-9474-1A3956D46DE8}") = "Vendor", "Vendor", "{252A36EC-D94D-498A-A5F4-A0BDFA48F88E}"
EndProject
Project("{9A19103F-16F7-4668-BE54-9A1E7A4F7556}") = "DotPharma.Customer", "DotPharma.Customer\DotPharma.Customer.csproj", "{8D322E6F-3B96-4718-BAAE-55F941E56357}"
EndProject
Project("{2150E333-8FDC-42A3-9474-1A3956D46DE8}") = "Location", "Location", "{B9928102-2CC4-4567-BE8B-F846FCCBB264}"
EndProject
Project("{9A19103F-16F7-4668-BE54-9A1E7A4F7556}") = "DotPharma.Location", "DotPharma.Location\DotPharma.Location.csproj", "{05A7046F-FB4A-44FB-A148-2975BCF9FE4B}"
EndProject
Project("{2150E333-8FDC-42A3-9474-1A3956D46DE8}") = "Company", "Company", "{61B1FC43-9EC5-4F30-94C7-48CA5F235D29}"
EndProject
Project("{9A19103F-16F7-4668-BE54-9A1E7A4F7556}") = "DotPharma.Company.Contracts", "DotPharma.Enterprise\DotPharma.Company.Contracts.csproj", "{425C8E1B-D07A-47F9-8BE4-6D488213C400}"
EndProject
Project("{2150E333-8FDC-42A3-9474-1A3956D46DE8}") = "Medication", "Medication", "{EFA4659F-A4FC-4769-81DE-1302F74D5CC8}"
EndProject
Project("{2150E333-8FDC-42A3-9474-1A3956D46DE8}") = "Purchasing", "Purchasing", "{F86FA7C8-E344-45A3-AF3C-DD62013E399F}"
EndProject
Project("{2150E333-8FDC-42A3-9474-1A3956D46DE8}") = "Finance", "Finance", "{E84AD4F0-5F2B-4EC6-B12C-4DA18F67E927}"
EndProject
Project("{9A19103F-16F7-4668-BE54-9A1E7A4F7556}") = "DotPharma.Medication", "DotPharma.Medication\DotPharma.Medication.csproj", "{34877B16-7580-4F2C-B233-46CBE110EF75}"
EndProject
Project("{2150E333-8FDC-42A3-9474-1A3956D46DE8}") = "Pricing", "Pricing", "{79565A0A-6306-442D-B898-A190CFA4CF38}"
EndProject
Project("{9A19103F-16F7-4668-BE54-9A1E7A4F7556}") = "DotPharma.Customer.Contracts", "DotPharma.Customer.Contracts\DotPharma.Customer.Contracts.csproj", "{2D974123-64C2-4FA1-A25A-1914B8205229}"
EndProject
Project("{2150E333-8FDC-42A3-9474-1A3956D46DE8}") = "Abstract", "Abstract", "{E9D21361-43B2-496E-BC3F-B134B8432D49}"
EndProject
Project("{9A19103F-16F7-4668-BE54-9A1E7A4F7556}") = "DotPharma.Abstract", "DotPharma.Abstract\DotPharma.Abstract.csproj", "{888136BF-DAED-4017-A156-27E11964D1A4}"
EndProject
Project("{9A19103F-16F7-4668-BE54-9A1E7A4F7556}") = "DotPharma.Location.Contracts", "DotPharma.Location.Contracts\DotPharma.Location.Contracts.csproj", "{31EDAF99-1FAF-419A-B526-95F3FE88CD12}"
EndProject
Project("{9A19103F-16F7-4668-BE54-9A1E7A4F7556}") = "DotPharma.Avalonia.Desktop", "DotPharma.Avalonia.Desktop\DotPharma.Avalonia.Desktop.csproj", "{93B70712-0A46-4F63-BE2E-CE5528686673}"
EndProject
Project("{9A19103F-16F7-4668-BE54-9A1E7A4F7556}") = "SukiUI", "..\SukiUI\SukiUI\SukiUI.csproj", "{9E09C3EE-0A66-478B-B117-E11C2248D166}"
EndProject
Project("{FAE04EC0-301F-11D3-BF4B-00C04F79EFBC}") = "DotPharma.Avalonia.PDV", "DotPharma.Avalonia.PDV\DotPharma.Avalonia.PDV.csproj", "{514B2353-20D2-4FB4-9843-F024D1B7C1A8}"
EndProject
Global
	GlobalSection(SolutionConfigurationPlatforms) = preSolution
		Debug|Any CPU = Debug|Any CPU
		Release|Any CPU = Release|Any CPU
	EndGlobalSection
	GlobalSection(ProjectConfigurationPlatforms) = postSolution
		{1A63569B-CA98-41E2-B280-C1A8D12CD1C0}.Debug|Any CPU.ActiveCfg = Debug|Any CPU
		{1A63569B-CA98-41E2-B280-C1A8D12CD1C0}.Debug|Any CPU.Build.0 = Debug|Any CPU
		{1A63569B-CA98-41E2-B280-C1A8D12CD1C0}.Debug|Any CPU.Deploy.0 = Debug|Any CPU
		{1A63569B-CA98-41E2-B280-C1A8D12CD1C0}.Release|Any CPU.ActiveCfg = Release|Any CPU
		{1A63569B-CA98-41E2-B280-C1A8D12CD1C0}.Release|Any CPU.Build.0 = Release|Any CPU
		{1A63569B-CA98-41E2-B280-C1A8D12CD1C0}.Release|Any CPU.Deploy.0 = Release|Any CPU
		{5A1B2688-549D-49D4-AEB7-6CC82120B8BE}.Debug|Any CPU.ActiveCfg = Debug|Any CPU
		{5A1B2688-549D-49D4-AEB7-6CC82120B8BE}.Debug|Any CPU.Build.0 = Debug|Any CPU
		{5A1B2688-549D-49D4-AEB7-6CC82120B8BE}.Release|Any CPU.ActiveCfg = Release|Any CPU
		{5A1B2688-549D-49D4-AEB7-6CC82120B8BE}.Release|Any CPU.Build.0 = Release|Any CPU
		{30A01ECC-6C0E-4B1C-8C9D-686D81445734}.Debug|Any CPU.ActiveCfg = Debug|Any CPU
		{30A01ECC-6C0E-4B1C-8C9D-686D81445734}.Debug|Any CPU.Build.0 = Debug|Any CPU
		{30A01ECC-6C0E-4B1C-8C9D-686D81445734}.Release|Any CPU.ActiveCfg = Release|Any CPU
		{30A01ECC-6C0E-4B1C-8C9D-686D81445734}.Release|Any CPU.Build.0 = Release|Any CPU
		{B6E0CD49-3FD0-42CD-8C4E-2C716E3FC3B9}.Debug|Any CPU.ActiveCfg = Debug|Any CPU
		{B6E0CD49-3FD0-42CD-8C4E-2C716E3FC3B9}.Debug|Any CPU.Build.0 = Debug|Any CPU
		{B6E0CD49-3FD0-42CD-8C4E-2C716E3FC3B9}.Release|Any CPU.ActiveCfg = Release|Any CPU
		{B6E0CD49-3FD0-42CD-8C4E-2C716E3FC3B9}.Release|Any CPU.Build.0 = Release|Any CPU
		{650D5153-1FD8-4C92-BA25-B72D8111D399}.Debug|Any CPU.ActiveCfg = Debug|Any CPU
		{650D5153-1FD8-4C92-BA25-B72D8111D399}.Debug|Any CPU.Build.0 = Debug|Any CPU
		{650D5153-1FD8-4C92-BA25-B72D8111D399}.Release|Any CPU.ActiveCfg = Release|Any CPU
		{650D5153-1FD8-4C92-BA25-B72D8111D399}.Release|Any CPU.Build.0 = Release|Any CPU
		{19C1024E-DC4E-4610-85B9-BF7200AD1D23}.Debug|Any CPU.ActiveCfg = Debug|Any CPU
		{19C1024E-DC4E-4610-85B9-BF7200AD1D23}.Debug|Any CPU.Build.0 = Debug|Any CPU
		{19C1024E-DC4E-4610-85B9-BF7200AD1D23}.Release|Any CPU.ActiveCfg = Release|Any CPU
		{19C1024E-DC4E-4610-85B9-BF7200AD1D23}.Release|Any CPU.Build.0 = Release|Any CPU
		{E2F6FBCB-58D6-43AE-B5CE-E267D91255EC}.Debug|Any CPU.ActiveCfg = Debug|Any CPU
		{E2F6FBCB-58D6-43AE-B5CE-E267D91255EC}.Debug|Any CPU.Build.0 = Debug|Any CPU
		{E2F6FBCB-58D6-43AE-B5CE-E267D91255EC}.Release|Any CPU.ActiveCfg = Release|Any CPU
		{E2F6FBCB-58D6-43AE-B5CE-E267D91255EC}.Release|Any CPU.Build.0 = Release|Any CPU
		{2375077B-3BBA-4141-85B0-3272D13A6156}.Debug|Any CPU.ActiveCfg = Debug|Any CPU
		{2375077B-3BBA-4141-85B0-3272D13A6156}.Debug|Any CPU.Build.0 = Debug|Any CPU
		{2375077B-3BBA-4141-85B0-3272D13A6156}.Release|Any CPU.ActiveCfg = Release|Any CPU
		{2375077B-3BBA-4141-85B0-3272D13A6156}.Release|Any CPU.Build.0 = Release|Any CPU
		{7C95E878-390D-4148-8DB2-B58A4BC28B92}.Debug|Any CPU.ActiveCfg = Debug|Any CPU
		{7C95E878-390D-4148-8DB2-B58A4BC28B92}.Debug|Any CPU.Build.0 = Debug|Any CPU
		{7C95E878-390D-4148-8DB2-B58A4BC28B92}.Release|Any CPU.ActiveCfg = Release|Any CPU
		{7C95E878-390D-4148-8DB2-B58A4BC28B92}.Release|Any CPU.Build.0 = Release|Any CPU
		{22AA2392-9AB8-453F-99F5-467F5B954FA2}.Debug|Any CPU.ActiveCfg = Debug|Any CPU
		{22AA2392-9AB8-453F-99F5-467F5B954FA2}.Debug|Any CPU.Build.0 = Debug|Any CPU
		{22AA2392-9AB8-453F-99F5-467F5B954FA2}.Release|Any CPU.ActiveCfg = Release|Any CPU
		{22AA2392-9AB8-453F-99F5-467F5B954FA2}.Release|Any CPU.Build.0 = Release|Any CPU
		{ECE615D9-E88E-4A13-9124-793A70701988}.Debug|Any CPU.ActiveCfg = Debug|Any CPU
		{ECE615D9-E88E-4A13-9124-793A70701988}.Debug|Any CPU.Build.0 = Debug|Any CPU
		{ECE615D9-E88E-4A13-9124-793A70701988}.Release|Any CPU.ActiveCfg = Release|Any CPU
		{ECE615D9-E88E-4A13-9124-793A70701988}.Release|Any CPU.Build.0 = Release|Any CPU
		{8D322E6F-3B96-4718-BAAE-55F941E56357}.Debug|Any CPU.ActiveCfg = Debug|Any CPU
		{8D322E6F-3B96-4718-BAAE-55F941E56357}.Debug|Any CPU.Build.0 = Debug|Any CPU
		{8D322E6F-3B96-4718-BAAE-55F941E56357}.Release|Any CPU.ActiveCfg = Release|Any CPU
		{8D322E6F-3B96-4718-BAAE-55F941E56357}.Release|Any CPU.Build.0 = Release|Any CPU
		{05A7046F-FB4A-44FB-A148-2975BCF9FE4B}.Debug|Any CPU.ActiveCfg = Debug|Any CPU
		{05A7046F-FB4A-44FB-A148-2975BCF9FE4B}.Debug|Any CPU.Build.0 = Debug|Any CPU
		{05A7046F-FB4A-44FB-A148-2975BCF9FE4B}.Release|Any CPU.ActiveCfg = Release|Any CPU
		{05A7046F-FB4A-44FB-A148-2975BCF9FE4B}.Release|Any CPU.Build.0 = Release|Any CPU
		{425C8E1B-D07A-47F9-8BE4-6D488213C400}.Debug|Any CPU.ActiveCfg = Debug|Any CPU
		{425C8E1B-D07A-47F9-8BE4-6D488213C400}.Debug|Any CPU.Build.0 = Debug|Any CPU
		{425C8E1B-D07A-47F9-8BE4-6D488213C400}.Release|Any CPU.ActiveCfg = Release|Any CPU
		{425C8E1B-D07A-47F9-8BE4-6D488213C400}.Release|Any CPU.Build.0 = Release|Any CPU
		{34877B16-7580-4F2C-B233-46CBE110EF75}.Debug|Any CPU.ActiveCfg = Debug|Any CPU
		{34877B16-7580-4F2C-B233-46CBE110EF75}.Debug|Any CPU.Build.0 = Debug|Any CPU
		{34877B16-7580-4F2C-B233-46CBE110EF75}.Release|Any CPU.ActiveCfg = Release|Any CPU
		{34877B16-7580-4F2C-B233-46CBE110EF75}.Release|Any CPU.Build.0 = Release|Any CPU
		{2D974123-64C2-4FA1-A25A-1914B8205229}.Debug|Any CPU.ActiveCfg = Debug|Any CPU
		{2D974123-64C2-4FA1-A25A-1914B8205229}.Debug|Any CPU.Build.0 = Debug|Any CPU
		{2D974123-64C2-4FA1-A25A-1914B8205229}.Release|Any CPU.ActiveCfg = Release|Any CPU
		{2D974123-64C2-4FA1-A25A-1914B8205229}.Release|Any CPU.Build.0 = Release|Any CPU
		{888136BF-DAED-4017-A156-27E11964D1A4}.Debug|Any CPU.ActiveCfg = Debug|Any CPU
		{888136BF-DAED-4017-A156-27E11964D1A4}.Debug|Any CPU.Build.0 = Debug|Any CPU
		{888136BF-DAED-4017-A156-27E11964D1A4}.Release|Any CPU.ActiveCfg = Release|Any CPU
		{888136BF-DAED-4017-A156-27E11964D1A4}.Release|Any CPU.Build.0 = Release|Any CPU
		{31EDAF99-1FAF-419A-B526-95F3FE88CD12}.Debug|Any CPU.ActiveCfg = Debug|Any CPU
		{31EDAF99-1FAF-419A-B526-95F3FE88CD12}.Debug|Any CPU.Build.0 = Debug|Any CPU
		{31EDAF99-1FAF-419A-B526-95F3FE88CD12}.Release|Any CPU.ActiveCfg = Release|Any CPU
		{31EDAF99-1FAF-419A-B526-95F3FE88CD12}.Release|Any CPU.Build.0 = Release|Any CPU
		{93B70712-0A46-4F63-BE2E-CE5528686673}.Debug|Any CPU.ActiveCfg = Debug|Any CPU
		{93B70712-0A46-4F63-BE2E-CE5528686673}.Debug|Any CPU.Build.0 = Debug|Any CPU
		{93B70712-0A46-4F63-BE2E-CE5528686673}.Release|Any CPU.ActiveCfg = Release|Any CPU
		{93B70712-0A46-4F63-BE2E-CE5528686673}.Release|Any CPU.Build.0 = Release|Any CPU
		{9E09C3EE-0A66-478B-B117-E11C2248D166}.Debug|Any CPU.ActiveCfg = Debug|Any CPU
		{9E09C3EE-0A66-478B-B117-E11C2248D166}.Debug|Any CPU.Build.0 = Debug|Any CPU
		{9E09C3EE-0A66-478B-B117-E11C2248D166}.Release|Any CPU.ActiveCfg = Release|Any CPU
		{9E09C3EE-0A66-478B-B117-E11C2248D166}.Release|Any CPU.Build.0 = Release|Any CPU
		{514B2353-20D2-4FB4-9843-F024D1B7C1A8}.Debug|Any CPU.ActiveCfg = Debug|Any CPU
		{514B2353-20D2-4FB4-9843-F024D1B7C1A8}.Debug|Any CPU.Build.0 = Debug|Any CPU
		{514B2353-20D2-4FB4-9843-F024D1B7C1A8}.Release|Any CPU.ActiveCfg = Release|Any CPU
		{514B2353-20D2-4FB4-9843-F024D1B7C1A8}.Release|Any CPU.Build.0 = Release|Any CPU
	EndGlobalSection
	GlobalSection(SolutionProperties) = preSolution
		HideSolutionNode = FALSE
	EndGlobalSection
	GlobalSection(NestedProjects) = preSolution
		{1A63569B-CA98-41E2-B280-C1A8D12CD1C0} = {A481A230-425A-4938-9942-BD86E9383C45}
		{5A1B2688-549D-49D4-AEB7-6CC82120B8BE} = {A481A230-425A-4938-9942-BD86E9383C45}
		{30A01ECC-6C0E-4B1C-8C9D-686D81445734} = {A481A230-425A-4938-9942-BD86E9383C45}
		{B6E0CD49-3FD0-42CD-8C4E-2C716E3FC3B9} = {A481A230-425A-4938-9942-BD86E9383C45}
		{650D5153-1FD8-4C92-BA25-B72D8111D399} = {A481A230-425A-4938-9942-BD86E9383C45}
		{19C1024E-DC4E-4610-85B9-BF7200AD1D23} = {A481A230-425A-4938-9942-BD86E9383C45}
		{2375077B-3BBA-4141-85B0-3272D13A6156} = {155BD790-95C7-4037-85E1-E1A6082CB72B}
		{7C95E878-390D-4148-8DB2-B58A4BC28B92} = {81F8B088-5890-4E24-BD48-2B4B098CD37A}
		{22AA2392-9AB8-453F-99F5-467F5B954FA2} = {3B43FB11-B802-41DE-8A6D-AC2C5369EFB1}
		{ECE615D9-E88E-4A13-9124-793A70701988} = {07EF0DFF-9707-4844-8F41-330EDFA2F980}
		{8D322E6F-3B96-4718-BAAE-55F941E56357} = {34B30386-A771-48B7-A0D8-F3161AF5263E}
		{05A7046F-FB4A-44FB-A148-2975BCF9FE4B} = {B9928102-2CC4-4567-BE8B-F846FCCBB264}
		{425C8E1B-D07A-47F9-8BE4-6D488213C400} = {61B1FC43-9EC5-4F30-94C7-48CA5F235D29}
		{34877B16-7580-4F2C-B233-46CBE110EF75} = {EFA4659F-A4FC-4769-81DE-1302F74D5CC8}
		{2D974123-64C2-4FA1-A25A-1914B8205229} = {34B30386-A771-48B7-A0D8-F3161AF5263E}
		{888136BF-DAED-4017-A156-27E11964D1A4} = {E9D21361-43B2-496E-BC3F-B134B8432D49}
		{31EDAF99-1FAF-419A-B526-95F3FE88CD12} = {B9928102-2CC4-4567-BE8B-F846FCCBB264}
		{93B70712-0A46-4F63-BE2E-CE5528686673} = {A481A230-425A-4938-9942-BD86E9383C45}
		{9E09C3EE-0A66-478B-B117-E11C2248D166} = {A481A230-425A-4938-9942-BD86E9383C45}
		{514B2353-20D2-4FB4-9843-F024D1B7C1A8} = {A481A230-425A-4938-9942-BD86E9383C45}
	EndGlobalSection
	GlobalSection(ExtensibilityGlobals) = postSolution
		SolutionGuid = {DFD3CBA2-ABA2-4F49-B5C5-1EF356F088F4}
	EndGlobalSection
EndGlobal
