
Microsoft Visual Studio Solution File, Format Version 12.00
# Visual Studio Version 17
VisualStudioVersion = 17.5.33627.172
MinimumVisualStudioVersion = 10.0.40219.1
Project("{2150E333-8FDC-42A3-9474-1A3956D46DE8}") = "Client", "Client", "{A481A230-425A-4938-9942-BD86E9383C45}"
EndProject
Project("{2150E333-8FDC-42A3-9474-1A3956D46DE8}") = "Server", "Server", "{155BD790-95C7-4037-85E1-E1A6082CB72B}"
EndProject
Project("{9A19103F-16F7-4668-BE54-9A1E7A4F7556}") = "DotPharma.WPF", "DotPharma.WPF\DotPharma.WPF.csproj", "{5A1B2688-549D-49D4-AEB7-6CC82120B8BE}"
EndProject
Project("{9A19103F-16F7-4668-BE54-9A1E7A4F7556}") = "DotPharma.Presentation", "DotPharma.Presentation\DotPharma.Presentation.csproj", "{30A01ECC-6C0E-4B1C-8C9D-686D81445734}"
EndProject
Project("{9A19103F-16F7-4668-BE54-9A1E7A4F7556}") = "NavigatR.WPF", "..\NavigatR\NavigatR.WPF\NavigatR.WPF.csproj", "{B6E0CD49-3FD0-42CD-8C4E-2C716E3FC3B9}"
EndProject
Project("{9A19103F-16F7-4668-BE54-9A1E7A4F7556}") = "NavigatR", "..\NavigatR\NavigatR\NavigatR.csproj", "{650D5153-1FD8-4C92-BA25-B72D8111D399}"
EndProject
Project("{9A19103F-16F7-4668-BE54-9A1E7A4F7556}") = "NavigatR.SourceGenerator", "..\NavigatR\NavigatR.SourceGenerator\NavigatR.SourceGenerator.csproj", "{19C1024E-DC4E-4610-85B9-BF7200AD1D23}"
EndProject
Project("{9A19103F-16F7-4668-BE54-9A1E7A4F7556}") = "DotPharma.Inventory", "DotPharma.Inventory\DotPharma.Inventory.csproj", "{7C95E878-390D-4148-8DB2-B58A4BC28B92}"
EndProject
Project("{2150E333-8FDC-42A3-9474-1A3956D46DE8}") = "Catalog", "Catalog", "{3B43FB11-B802-41DE-8A6D-AC2C5369EFB1}"
EndProject
Project("{9A19103F-16F7-4668-BE54-9A1E7A4F7556}") = "DotPharma.Catalog", "DotPharma.Catalog\DotPharma.Catalog.csproj", "{22AA2392-9AB8-453F-99F5-467F5B954FA2}"
EndProject
Project("{2150E333-8FDC-42A3-9474-1A3956D46DE8}") = "Inventory", "Inventory", "{81F8B088-5890-4E24-BD48-2B4B098CD37A}"
EndProject
Project("{2150E333-8FDC-42A3-9474-1A3956D46DE8}") = "Sales", "Sales", "{07EF0DFF-9707-4844-8F41-330EDFA2F980}"
EndProject
Project("{9A19103F-16F7-4668-BE54-9A1E7A4F7556}") = "DotPharma.Sales", "DotPharma.Sales\DotPharma.Sales.csproj", "{ECE615D9-E88E-4A13-9124-793A70701988}"
EndProject
Project("{2150E333-8FDC-42A3-9474-1A3956D46DE8}") = "Customer", "Customer", "{34B30386-A771-48B7-A0D8-F3161AF5263E}"
EndProject
Project("{2150E333-8FDC-42A3-9474-1A3956D46DE8}") = "Tax", "Tax", "{8A7219A4-6B95-4955-AE25-7DDF17FA8B83}"
EndProject
Project("{2150E333-8FDC-42A3-9474-1A3956D46DE8}") = "Fiscal", "Fiscal", "{2383CA9F-09D8-41D4-A0F7-31613FE5D583}"
EndProject
Project("{2150E333-8FDC-42A3-9474-1A3956D46DE8}") = "Vendor", "Vendor", "{252A36EC-D94D-498A-A5F4-A0BDFA48F88E}"
EndProject
Project("{9A19103F-16F7-4668-BE54-9A1E7A4F7556}") = "DotPharma.Customer", "DotPharma.Customer\DotPharma.Customer.csproj", "{8D322E6F-3B96-4718-BAAE-55F941E56357}"
EndProject
Project("{2150E333-8FDC-42A3-9474-1A3956D46DE8}") = "Location", "Location", "{B9928102-2CC4-4567-BE8B-F846FCCBB264}"
EndProject
Project("{9A19103F-16F7-4668-BE54-9A1E7A4F7556}") = "DotPharma.Location", "DotPharma.Location\DotPharma.Location.csproj", "{05A7046F-FB4A-44FB-A148-2975BCF9FE4B}"
EndProject
Project("{2150E333-8FDC-42A3-9474-1A3956D46DE8}") = "Company", "Company", "{61B1FC43-9EC5-4F30-94C7-48CA5F235D29}"
EndProject
Project("{9A19103F-16F7-4668-BE54-9A1E7A4F7556}") = "DotPharma.Company.Contracts", "DotPharma.Enterprise\DotPharma.Company.Contracts.csproj", "{425C8E1B-D07A-47F9-8BE4-6D488213C400}"
EndProject
Project("{2150E333-8FDC-42A3-9474-1A3956D46DE8}") = "Medication", "Medication", "{EFA4659F-A4FC-4769-81DE-1302F74D5CC8}"
EndProject
Project("{2150E333-8FDC-42A3-9474-1A3956D46DE8}") = "Purchasing", "Purchasing", "{F86FA7C8-E344-45A3-AF3C-DD62013E399F}"
EndProject
Project("{2150E333-8FDC-42A3-9474-1A3956D46DE8}") = "Finance", "Finance", "{E84AD4F0-5F2B-4EC6-B12C-4DA18F67E927}"
EndProject
Project("{9A19103F-16F7-4668-BE54-9A1E7A4F7556}") = "DotPharma.Medication", "DotPharma.Medication\DotPharma.Medication.csproj", "{34877B16-7580-4F2C-B233-46CBE110EF75}"
EndProject
Project("{2150E333-8FDC-42A3-9474-1A3956D46DE8}") = "Pricing", "Pricing", "{79565A0A-6306-442D-B898-A190CFA4CF38}"
EndProject
Project("{9A19103F-16F7-4668-BE54-9A1E7A4F7556}") = "DotPharma.Customer.Contracts", "DotPharma.Customer.Contracts\DotPharma.Customer.Contracts.csproj", "{2D974123-64C2-4FA1-A25A-1914B8205229}"
EndProject
Project("{2150E333-8FDC-42A3-9474-1A3956D46DE8}") = "Abstract", "Abstract", "{E9D21361-43B2-496E-BC3F-B134B8432D49}"
EndProject
Project("{9A19103F-16F7-4668-BE54-9A1E7A4F7556}") = "DotPharma.Abstract", "DotPharma.Abstract\DotPharma.Abstract.csproj", "{888136BF-DAED-4017-A156-27E11964D1A4}"
EndProject
Project("{9A19103F-16F7-4668-BE54-9A1E7A4F7556}") = "DotPharma.Location.Contracts", "DotPharma.Location.Contracts\DotPharma.Location.Contracts.csproj", "{31EDAF99-1FAF-419A-B526-95F3FE88CD12}"
EndProject
Project("{9A19103F-16F7-4668-BE54-9A1E7A4F7556}") = "DotPharma.Avalonia.Desktop", "DotPharma.Avalonia.Desktop\DotPharma.Avalonia.Desktop.csproj", "{93B70712-0A46-4F63-BE2E-CE5528686673}"
EndProject
Project("{9A19103F-16F7-4668-BE54-9A1E7A4F7556}") = "DotPharma.Pricing", "DotPharma.Pricing\DotPharma.Pricing.csproj", "{871E8384-1A5A-4C4C-8F91-3163DF1D61E2}"
EndProject
Project("{9A19103F-16F7-4668-BE54-9A1E7A4F7556}") = "DotPharma.Server", "DotPharma.Server\DotPharma.Server.csproj", "{AD0BA6A8-9409-4FBE-B0ED-423377B93E65}"
EndProject
Project("{2150E333-8FDC-42A3-9474-1A3956D46DE8}") = "Common", "Common", "{C331677B-00B8-48D8-B458-D342550750A8}"
EndProject
Project("{2150E333-8FDC-42A3-9474-1A3956D46DE8}") = "User", "User", "{5AC8252A-CE92-49A5-AC81-6ED865FB14A7}"
EndProject
Project("{9A19103F-16F7-4668-BE54-9A1E7A4F7556}") = "DotPharma.User", "DotPharma.User\DotPharma.User.csproj", "{A88D56FD-C01E-4370-A242-D3EC0A650336}"
EndProject
Project("{9A19103F-16F7-4668-BE54-9A1E7A4F7556}") = "DotPharma.User.Contracts", "DotPharma.User.Contract\DotPharma.User.Contracts.csproj", "{E26410DE-7D7B-4CCE-B3E3-45107354EF2E}"
EndProject
Project("{9A19103F-16F7-4668-BE54-9A1E7A4F7556}") = "DotPharma.Storage", "DotPharma.Storage\DotPharma.Storage.csproj", "{432F3D17-1450-4BBF-9E28-F1FD617E96D8}"
EndProject
Project("{9A19103F-16F7-4668-BE54-9A1E7A4F7556}") = "DotPharma.Storage.EFCore", "DotPharma.Storage.EFCore\DotPharma.Storage.EFCore.csproj", "{4633A383-E161-415E-AE6B-A3812237811D}"
EndProject
Project("{9A19103F-16F7-4668-BE54-9A1E7A4F7556}") = "DotPharma.Storage.Marten", "DotPharma.Storage.Maven\DotPharma.Storage.Marten.csproj", "{BCB6FD80-FFD4-47BD-BE29-59B0869C2088}"
EndProject
Project("{9A19103F-16F7-4668-BE54-9A1E7A4F7556}") = "DotPharma.Pricing.Contracts", "DotPharma.Pricing.Contracts\DotPharma.Pricing.Contracts.csproj", "{C34A3169-7795-4E56-AC64-A826872EE8CC}"
EndProject
Project("{9A19103F-16F7-4668-BE54-9A1E7A4F7556}") = "DotPharma.Pricing.Tests", "DotPharma.Pricing.Tests\DotPharma.Pricing.Tests.csproj", "{BAFDA152-4156-4F0D-B6DD-A6EE3800306F}"
EndProject
Project("{9A19103F-16F7-4668-BE54-9A1E7A4F7556}") = "DotPharma.Avalonia.PDV", "DotPharma.Avalonia.PDV\DotPharma.Avalonia.PDV.csproj", "{514B2353-20D2-4FB4-9843-F024D1B7C1A8}"
EndProject
Project("{9A19103F-16F7-4668-BE54-9A1E7A4F7556}") = "DotPharma.Catalog.Contracts", "DotPharma.Catalog.Contracts\DotPharma.Catalog.Contracts.csproj", "{50620F22-E094-4103-9D0E-45516AB39006}"
EndProject
Project("{9A19103F-16F7-4668-BE54-9A1E7A4F7556}") = "DotPharma.Avalonia.UI", "DotPharma.Avalonia.UI\DotPharma.Avalonia.UI.csproj", "{03EF1CB8-4D70-49E5-8D53-6F8D2B321C7B}"
EndProject
Project("{FAE04EC0-301F-11D3-BF4B-00C04F79EFBC}") = "DotPharma.Avalonia.UI.FormGenerator", "DotPharma.Avalonia.UI.FormGenerator\DotPharma.Avalonia.UI.FormGenerator.csproj", "{19560F4D-5804-4EF1-86EE-9D1379A1249F}"
EndProject
Global
	GlobalSection(SolutionConfigurationPlatforms) = preSolution
		Debug|Any CPU = Debug|Any CPU
		Release|Any CPU = Release|Any CPU
	EndGlobalSection
	GlobalSection(ProjectConfigurationPlatforms) = postSolution
		{5A1B2688-549D-49D4-AEB7-6CC82120B8BE}.Debug|Any CPU.ActiveCfg = Debug|Any CPU
		{5A1B2688-549D-49D4-AEB7-6CC82120B8BE}.Debug|Any CPU.Build.0 = Debug|Any CPU
		{5A1B2688-549D-49D4-AEB7-6CC82120B8BE}.Release|Any CPU.ActiveCfg = Release|Any CPU
		{5A1B2688-549D-49D4-AEB7-6CC82120B8BE}.Release|Any CPU.Build.0 = Release|Any CPU
		{30A01ECC-6C0E-4B1C-8C9D-686D81445734}.Debug|Any CPU.ActiveCfg = Debug|Any CPU
		{30A01ECC-6C0E-4B1C-8C9D-686D81445734}.Debug|Any CPU.Build.0 = Debug|Any CPU
		{30A01ECC-6C0E-4B1C-8C9D-686D81445734}.Release|Any CPU.ActiveCfg = Release|Any CPU
		{30A01ECC-6C0E-4B1C-8C9D-686D81445734}.Release|Any CPU.Build.0 = Release|Any CPU
		{B6E0CD49-3FD0-42CD-8C4E-2C716E3FC3B9}.Debug|Any CPU.ActiveCfg = Debug|Any CPU
		{B6E0CD49-3FD0-42CD-8C4E-2C716E3FC3B9}.Debug|Any CPU.Build.0 = Debug|Any CPU
		{B6E0CD49-3FD0-42CD-8C4E-2C716E3FC3B9}.Release|Any CPU.ActiveCfg = Release|Any CPU
		{B6E0CD49-3FD0-42CD-8C4E-2C716E3FC3B9}.Release|Any CPU.Build.0 = Release|Any CPU
		{650D5153-1FD8-4C92-BA25-B72D8111D399}.Debug|Any CPU.ActiveCfg = Debug|Any CPU
		{650D5153-1FD8-4C92-BA25-B72D8111D399}.Debug|Any CPU.Build.0 = Debug|Any CPU
		{650D5153-1FD8-4C92-BA25-B72D8111D399}.Release|Any CPU.ActiveCfg = Release|Any CPU
		{650D5153-1FD8-4C92-BA25-B72D8111D399}.Release|Any CPU.Build.0 = Release|Any CPU
		{19C1024E-DC4E-4610-85B9-BF7200AD1D23}.Debug|Any CPU.ActiveCfg = Debug|Any CPU
		{19C1024E-DC4E-4610-85B9-BF7200AD1D23}.Debug|Any CPU.Build.0 = Debug|Any CPU
		{19C1024E-DC4E-4610-85B9-BF7200AD1D23}.Release|Any CPU.ActiveCfg = Release|Any CPU
		{19C1024E-DC4E-4610-85B9-BF7200AD1D23}.Release|Any CPU.Build.0 = Release|Any CPU
		{7C95E878-390D-4148-8DB2-B58A4BC28B92}.Debug|Any CPU.ActiveCfg = Debug|Any CPU
		{7C95E878-390D-4148-8DB2-B58A4BC28B92}.Debug|Any CPU.Build.0 = Debug|Any CPU
		{7C95E878-390D-4148-8DB2-B58A4BC28B92}.Release|Any CPU.ActiveCfg = Release|Any CPU
		{7C95E878-390D-4148-8DB2-B58A4BC28B92}.Release|Any CPU.Build.0 = Release|Any CPU
		{22AA2392-9AB8-453F-99F5-467F5B954FA2}.Debug|Any CPU.ActiveCfg = Debug|Any CPU
		{22AA2392-9AB8-453F-99F5-467F5B954FA2}.Debug|Any CPU.Build.0 = Debug|Any CPU
		{22AA2392-9AB8-453F-99F5-467F5B954FA2}.Release|Any CPU.ActiveCfg = Release|Any CPU
		{22AA2392-9AB8-453F-99F5-467F5B954FA2}.Release|Any CPU.Build.0 = Release|Any CPU
		{ECE615D9-E88E-4A13-9124-793A70701988}.Debug|Any CPU.ActiveCfg = Debug|Any CPU
		{ECE615D9-E88E-4A13-9124-793A70701988}.Debug|Any CPU.Build.0 = Debug|Any CPU
		{ECE615D9-E88E-4A13-9124-793A70701988}.Release|Any CPU.ActiveCfg = Release|Any CPU
		{ECE615D9-E88E-4A13-9124-793A70701988}.Release|Any CPU.Build.0 = Release|Any CPU
		{8D322E6F-3B96-4718-BAAE-55F941E56357}.Debug|Any CPU.ActiveCfg = Debug|Any CPU
		{8D322E6F-3B96-4718-BAAE-55F941E56357}.Debug|Any CPU.Build.0 = Debug|Any CPU
		{8D322E6F-3B96-4718-BAAE-55F941E56357}.Release|Any CPU.ActiveCfg = Release|Any CPU
		{8D322E6F-3B96-4718-BAAE-55F941E56357}.Release|Any CPU.Build.0 = Release|Any CPU
		{05A7046F-FB4A-44FB-A148-2975BCF9FE4B}.Debug|Any CPU.ActiveCfg = Debug|Any CPU
		{05A7046F-FB4A-44FB-A148-2975BCF9FE4B}.Debug|Any CPU.Build.0 = Debug|Any CPU
		{05A7046F-FB4A-44FB-A148-2975BCF9FE4B}.Release|Any CPU.ActiveCfg = Release|Any CPU
		{05A7046F-FB4A-44FB-A148-2975BCF9FE4B}.Release|Any CPU.Build.0 = Release|Any CPU
		{425C8E1B-D07A-47F9-8BE4-6D488213C400}.Debug|Any CPU.ActiveCfg = Debug|Any CPU
		{425C8E1B-D07A-47F9-8BE4-6D488213C400}.Debug|Any CPU.Build.0 = Debug|Any CPU
		{425C8E1B-D07A-47F9-8BE4-6D488213C400}.Release|Any CPU.ActiveCfg = Release|Any CPU
		{425C8E1B-D07A-47F9-8BE4-6D488213C400}.Release|Any CPU.Build.0 = Release|Any CPU
		{34877B16-7580-4F2C-B233-46CBE110EF75}.Debug|Any CPU.ActiveCfg = Debug|Any CPU
		{34877B16-7580-4F2C-B233-46CBE110EF75}.Debug|Any CPU.Build.0 = Debug|Any CPU
		{34877B16-7580-4F2C-B233-46CBE110EF75}.Release|Any CPU.ActiveCfg = Release|Any CPU
		{34877B16-7580-4F2C-B233-46CBE110EF75}.Release|Any CPU.Build.0 = Release|Any CPU
		{2D974123-64C2-4FA1-A25A-1914B8205229}.Debug|Any CPU.ActiveCfg = Debug|Any CPU
		{2D974123-64C2-4FA1-A25A-1914B8205229}.Debug|Any CPU.Build.0 = Debug|Any CPU
		{2D974123-64C2-4FA1-A25A-1914B8205229}.Release|Any CPU.ActiveCfg = Release|Any CPU
		{2D974123-64C2-4FA1-A25A-1914B8205229}.Release|Any CPU.Build.0 = Release|Any CPU
		{888136BF-DAED-4017-A156-27E11964D1A4}.Debug|Any CPU.ActiveCfg = Debug|Any CPU
		{888136BF-DAED-4017-A156-27E11964D1A4}.Debug|Any CPU.Build.0 = Debug|Any CPU
		{888136BF-DAED-4017-A156-27E11964D1A4}.Release|Any CPU.ActiveCfg = Release|Any CPU
		{888136BF-DAED-4017-A156-27E11964D1A4}.Release|Any CPU.Build.0 = Release|Any CPU
		{31EDAF99-1FAF-419A-B526-95F3FE88CD12}.Debug|Any CPU.ActiveCfg = Debug|Any CPU
		{31EDAF99-1FAF-419A-B526-95F3FE88CD12}.Debug|Any CPU.Build.0 = Debug|Any CPU
		{31EDAF99-1FAF-419A-B526-95F3FE88CD12}.Release|Any CPU.ActiveCfg = Release|Any CPU
		{31EDAF99-1FAF-419A-B526-95F3FE88CD12}.Release|Any CPU.Build.0 = Release|Any CPU
		{93B70712-0A46-4F63-BE2E-CE5528686673}.Debug|Any CPU.ActiveCfg = Debug|Any CPU
		{93B70712-0A46-4F63-BE2E-CE5528686673}.Debug|Any CPU.Build.0 = Debug|Any CPU
		{93B70712-0A46-4F63-BE2E-CE5528686673}.Release|Any CPU.ActiveCfg = Release|Any CPU
		{93B70712-0A46-4F63-BE2E-CE5528686673}.Release|Any CPU.Build.0 = Release|Any CPU
		{871E8384-1A5A-4C4C-8F91-3163DF1D61E2}.Debug|Any CPU.ActiveCfg = Debug|Any CPU
		{871E8384-1A5A-4C4C-8F91-3163DF1D61E2}.Debug|Any CPU.Build.0 = Debug|Any CPU
		{871E8384-1A5A-4C4C-8F91-3163DF1D61E2}.Release|Any CPU.ActiveCfg = Release|Any CPU
		{871E8384-1A5A-4C4C-8F91-3163DF1D61E2}.Release|Any CPU.Build.0 = Release|Any CPU
		{AD0BA6A8-9409-4FBE-B0ED-423377B93E65}.Debug|Any CPU.ActiveCfg = Debug|Any CPU
		{AD0BA6A8-9409-4FBE-B0ED-423377B93E65}.Debug|Any CPU.Build.0 = Debug|Any CPU
		{AD0BA6A8-9409-4FBE-B0ED-423377B93E65}.Release|Any CPU.ActiveCfg = Release|Any CPU
		{AD0BA6A8-9409-4FBE-B0ED-423377B93E65}.Release|Any CPU.Build.0 = Release|Any CPU
		{A88D56FD-C01E-4370-A242-D3EC0A650336}.Debug|Any CPU.ActiveCfg = Debug|Any CPU
		{A88D56FD-C01E-4370-A242-D3EC0A650336}.Debug|Any CPU.Build.0 = Debug|Any CPU
		{A88D56FD-C01E-4370-A242-D3EC0A650336}.Release|Any CPU.ActiveCfg = Release|Any CPU
		{A88D56FD-C01E-4370-A242-D3EC0A650336}.Release|Any CPU.Build.0 = Release|Any CPU
		{E26410DE-7D7B-4CCE-B3E3-45107354EF2E}.Debug|Any CPU.ActiveCfg = Debug|Any CPU
		{E26410DE-7D7B-4CCE-B3E3-45107354EF2E}.Debug|Any CPU.Build.0 = Debug|Any CPU
		{E26410DE-7D7B-4CCE-B3E3-45107354EF2E}.Release|Any CPU.ActiveCfg = Release|Any CPU
		{E26410DE-7D7B-4CCE-B3E3-45107354EF2E}.Release|Any CPU.Build.0 = Release|Any CPU
		{432F3D17-1450-4BBF-9E28-F1FD617E96D8}.Debug|Any CPU.ActiveCfg = Debug|Any CPU
		{432F3D17-1450-4BBF-9E28-F1FD617E96D8}.Debug|Any CPU.Build.0 = Debug|Any CPU
		{432F3D17-1450-4BBF-9E28-F1FD617E96D8}.Release|Any CPU.ActiveCfg = Release|Any CPU
		{432F3D17-1450-4BBF-9E28-F1FD617E96D8}.Release|Any CPU.Build.0 = Release|Any CPU
		{4633A383-E161-415E-AE6B-A3812237811D}.Debug|Any CPU.ActiveCfg = Debug|Any CPU
		{4633A383-E161-415E-AE6B-A3812237811D}.Debug|Any CPU.Build.0 = Debug|Any CPU
		{4633A383-E161-415E-AE6B-A3812237811D}.Release|Any CPU.ActiveCfg = Release|Any CPU
		{4633A383-E161-415E-AE6B-A3812237811D}.Release|Any CPU.Build.0 = Release|Any CPU
		{BCB6FD80-FFD4-47BD-BE29-59B0869C2088}.Debug|Any CPU.ActiveCfg = Debug|Any CPU
		{BCB6FD80-FFD4-47BD-BE29-59B0869C2088}.Debug|Any CPU.Build.0 = Debug|Any CPU
		{BCB6FD80-FFD4-47BD-BE29-59B0869C2088}.Release|Any CPU.ActiveCfg = Release|Any CPU
		{BCB6FD80-FFD4-47BD-BE29-59B0869C2088}.Release|Any CPU.Build.0 = Release|Any CPU
		{C34A3169-7795-4E56-AC64-A826872EE8CC}.Debug|Any CPU.ActiveCfg = Debug|Any CPU
		{C34A3169-7795-4E56-AC64-A826872EE8CC}.Debug|Any CPU.Build.0 = Debug|Any CPU
		{C34A3169-7795-4E56-AC64-A826872EE8CC}.Release|Any CPU.ActiveCfg = Release|Any CPU
		{C34A3169-7795-4E56-AC64-A826872EE8CC}.Release|Any CPU.Build.0 = Release|Any CPU
		{BAFDA152-4156-4F0D-B6DD-A6EE3800306F}.Debug|Any CPU.ActiveCfg = Debug|Any CPU
		{BAFDA152-4156-4F0D-B6DD-A6EE3800306F}.Debug|Any CPU.Build.0 = Debug|Any CPU
		{BAFDA152-4156-4F0D-B6DD-A6EE3800306F}.Release|Any CPU.ActiveCfg = Release|Any CPU
		{BAFDA152-4156-4F0D-B6DD-A6EE3800306F}.Release|Any CPU.Build.0 = Release|Any CPU
		{514B2353-20D2-4FB4-9843-F024D1B7C1A8}.Debug|Any CPU.ActiveCfg = Debug|Any CPU
		{514B2353-20D2-4FB4-9843-F024D1B7C1A8}.Debug|Any CPU.Build.0 = Debug|Any CPU
		{514B2353-20D2-4FB4-9843-F024D1B7C1A8}.Release|Any CPU.ActiveCfg = Release|Any CPU
		{514B2353-20D2-4FB4-9843-F024D1B7C1A8}.Release|Any CPU.Build.0 = Release|Any CPU
		{50620F22-E094-4103-9D0E-45516AB39006}.Debug|Any CPU.ActiveCfg = Debug|Any CPU
		{50620F22-E094-4103-9D0E-45516AB39006}.Debug|Any CPU.Build.0 = Debug|Any CPU
		{50620F22-E094-4103-9D0E-45516AB39006}.Release|Any CPU.ActiveCfg = Release|Any CPU
		{50620F22-E094-4103-9D0E-45516AB39006}.Release|Any CPU.Build.0 = Release|Any CPU
		{03EF1CB8-4D70-49E5-8D53-6F8D2B321C7B}.Debug|Any CPU.ActiveCfg = Debug|Any CPU
		{03EF1CB8-4D70-49E5-8D53-6F8D2B321C7B}.Debug|Any CPU.Build.0 = Debug|Any CPU
		{03EF1CB8-4D70-49E5-8D53-6F8D2B321C7B}.Release|Any CPU.ActiveCfg = Release|Any CPU
		{03EF1CB8-4D70-49E5-8D53-6F8D2B321C7B}.Release|Any CPU.Build.0 = Release|Any CPU
		{19560F4D-5804-4EF1-86EE-9D1379A1249F}.Debug|Any CPU.ActiveCfg = Debug|Any CPU
		{19560F4D-5804-4EF1-86EE-9D1379A1249F}.Debug|Any CPU.Build.0 = Debug|Any CPU
		{19560F4D-5804-4EF1-86EE-9D1379A1249F}.Release|Any CPU.ActiveCfg = Release|Any CPU
		{19560F4D-5804-4EF1-86EE-9D1379A1249F}.Release|Any CPU.Build.0 = Release|Any CPU
	EndGlobalSection
	GlobalSection(SolutionProperties) = preSolution
		HideSolutionNode = FALSE
	EndGlobalSection
	GlobalSection(NestedProjects) = preSolution
		{5A1B2688-549D-49D4-AEB7-6CC82120B8BE} = {A481A230-425A-4938-9942-BD86E9383C45}
		{30A01ECC-6C0E-4B1C-8C9D-686D81445734} = {A481A230-425A-4938-9942-BD86E9383C45}
		{B6E0CD49-3FD0-42CD-8C4E-2C716E3FC3B9} = {A481A230-425A-4938-9942-BD86E9383C45}
		{650D5153-1FD8-4C92-BA25-B72D8111D399} = {A481A230-425A-4938-9942-BD86E9383C45}
		{19C1024E-DC4E-4610-85B9-BF7200AD1D23} = {A481A230-425A-4938-9942-BD86E9383C45}
		{7C95E878-390D-4148-8DB2-B58A4BC28B92} = {81F8B088-5890-4E24-BD48-2B4B098CD37A}
		{22AA2392-9AB8-453F-99F5-467F5B954FA2} = {3B43FB11-B802-41DE-8A6D-AC2C5369EFB1}
		{ECE615D9-E88E-4A13-9124-793A70701988} = {07EF0DFF-9707-4844-8F41-330EDFA2F980}
		{8D322E6F-3B96-4718-BAAE-55F941E56357} = {34B30386-A771-48B7-A0D8-F3161AF5263E}
		{05A7046F-FB4A-44FB-A148-2975BCF9FE4B} = {B9928102-2CC4-4567-BE8B-F846FCCBB264}
		{425C8E1B-D07A-47F9-8BE4-6D488213C400} = {61B1FC43-9EC5-4F30-94C7-48CA5F235D29}
		{34877B16-7580-4F2C-B233-46CBE110EF75} = {EFA4659F-A4FC-4769-81DE-1302F74D5CC8}
		{2D974123-64C2-4FA1-A25A-1914B8205229} = {34B30386-A771-48B7-A0D8-F3161AF5263E}
		{888136BF-DAED-4017-A156-27E11964D1A4} = {E9D21361-43B2-496E-BC3F-B134B8432D49}
		{31EDAF99-1FAF-419A-B526-95F3FE88CD12} = {B9928102-2CC4-4567-BE8B-F846FCCBB264}
		{93B70712-0A46-4F63-BE2E-CE5528686673} = {A481A230-425A-4938-9942-BD86E9383C45}
		{871E8384-1A5A-4C4C-8F91-3163DF1D61E2} = {79565A0A-6306-442D-B898-A190CFA4CF38}
		{AD0BA6A8-9409-4FBE-B0ED-423377B93E65} = {155BD790-95C7-4037-85E1-E1A6082CB72B}
		{A88D56FD-C01E-4370-A242-D3EC0A650336} = {5AC8252A-CE92-49A5-AC81-6ED865FB14A7}
		{E26410DE-7D7B-4CCE-B3E3-45107354EF2E} = {5AC8252A-CE92-49A5-AC81-6ED865FB14A7}
		{432F3D17-1450-4BBF-9E28-F1FD617E96D8} = {155BD790-95C7-4037-85E1-E1A6082CB72B}
		{4633A383-E161-415E-AE6B-A3812237811D} = {155BD790-95C7-4037-85E1-E1A6082CB72B}
		{BCB6FD80-FFD4-47BD-BE29-59B0869C2088} = {155BD790-95C7-4037-85E1-E1A6082CB72B}
		{C34A3169-7795-4E56-AC64-A826872EE8CC} = {79565A0A-6306-442D-B898-A190CFA4CF38}
		{BAFDA152-4156-4F0D-B6DD-A6EE3800306F} = {79565A0A-6306-442D-B898-A190CFA4CF38}
		{514B2353-20D2-4FB4-9843-F024D1B7C1A8} = {A481A230-425A-4938-9942-BD86E9383C45}
		{50620F22-E094-4103-9D0E-45516AB39006} = {3B43FB11-B802-41DE-8A6D-AC2C5369EFB1}
		{03EF1CB8-4D70-49E5-8D53-6F8D2B321C7B} = {A481A230-425A-4938-9942-BD86E9383C45}
		{19560F4D-5804-4EF1-86EE-9D1379A1249F} = {A481A230-425A-4938-9942-BD86E9383C45}
	EndGlobalSection
	GlobalSection(ExtensibilityGlobals) = postSolution
		SolutionGuid = {DFD3CBA2-ABA2-4F49-B5C5-1EF356F088F4}
	EndGlobalSection
EndGlobal
